
Microsoft Visual Studio Solution File, Format Version 12.00
# Visual Studio 15
VisualStudioVersion = 15.0.26730.16
MinimumVisualStudioVersion = 10.0.40219.1
Project("{FAE04EC0-301F-11D3-BF4B-00C04F79EFBC}") = "FizzBuzz", "FizzBuzz\FizzBuzz.csproj", "{7ACA2294-F1EF-4A22-B6E4-0994966E1B47}"
EndProject
Global
	GlobalSection(SolutionConfigurationPlatforms) = preSolution
		Debug|Any CPU = Debug|Any CPU
		Release|Any CPU = Release|Any CPU
	EndGlobalSection
	GlobalSection(ProjectConfigurationPlatforms) = postSolution
		{7ACA2294-F1EF-4A22-B6E4-0994966E1B47}.Debug|Any CPU.ActiveCfg = Debug|Any CPU
		{7ACA2294-F1EF-4A22-B6E4-0994966E1B47}.Debug|Any CPU.Build.0 = Debug|Any CPU
		{7ACA2294-F1EF-4A22-B6E4-0994966E1B47}.Release|Any CPU.ActiveCfg = Release|Any CPU
		{7ACA2294-F1EF-4A22-B6E4-0994966E1B47}.Release|Any CPU.Build.0 = Release|Any CPU
	EndGlobalSection
	GlobalSection(SolutionProperties) = preSolution
		HideSolutionNode = FALSE
	EndGlobalSection
	GlobalSection(ExtensibilityGlobals) = postSolution
		SolutionGuid = {BDCCCEB5-AF12-4FC6-A118-5C7EB8E1FA34}
	EndGlobalSection
EndGlobal
